{
    "_readme": [
        "This file locks the dependencies of your project to a known state",
        "Read more about it at https://getcomposer.org/doc/01-basic-usage.md#composer-lock-the-lock-file",
        "This file is @generated automatically"
    ],
    "content-hash": "033aba5372d11ec968aa12bf6e1b9253",
    "packages": [
        {
            "name": "yoti/yoti-php-sdk",
            "version": "1.0.3",
            "source": {
                "type": "git",
                "url": "https://github.com/getyoti/php.git",
                "reference": "b945119d29c539140d245271358404d44a6e3e5d"
            },
            "dist": {
                "type": "zip",
                "url": "https://api.github.com/repos/getyoti/php/zipball/b945119d29c539140d245271358404d44a6e3e5d",
                "reference": "b945119d29c539140d245271358404d44a6e3e5d",
                "shasum": ""
            },
            "require": {
                "php": ">=5.6.0"
            },
            "require-dev": {
                "phpunit/phpunit": "5.4.*"
            },
            "type": "library",
            "autoload": {
                "psr-4": {
                    "attrpubapi_v1\\": "src/attrpubapi_v1",
                    "compubapi_v1\\": "src/compubapi_v1",
                    "Protobuf\\": "src/protobuf-php/protobuf/src",
                    "Yoti\\": "src/Yoti"
                }
            },
            "notification-url": "https://packagist.org/downloads/",
            "authors": [
                {
                    "name": "Simon Tong",
                    "email": "simon.tong@yoti.com",
                    "role": "Developer"
                },
                {
                    "name": "Omari Rodney",
                    "email": "omari.rodney@yoti.com",
                    "role": "Maintainer"
                },
                {
                    "name": "Quirino Zagarese",
                    "email": "quirino.zagarese@yoti.com",
                    "role": "Maintainer"
                }
            ],
            "description": "Yoti SDK for quickly integrating your PHP backend with Yoti",
            "homepage": "https://yoti.com",
            "keywords": [
                "sdk",
                "yoti"
            ],
            "time": "2017-03-15T12:22:50+00:00"
        }
    ],
    "packages-dev": [],
    "aliases": [],
    "minimum-stability": "stable",
    "stability-flags": [],
    "prefer-stable": false,
    "prefer-lowest": false,
    "platform": [],
    "platform-dev": []
}
