{
    "_readme": [
        "This file locks the dependencies of your project to a known state",
        "Read more about it at https://getcomposer.org/doc/01-basic-usage.md#composer-lock-the-lock-file",
        "This file is @generated automatically"
    ],
    "content-hash": "54d488eb352f8f71a16e27d169ad51a6",
    "packages": [
        {
            "name": "yoti/yoti-php-sdk",
            "version": "dev-master",
            "source": {
                "type": "git",
                "url": "https://github.com/getyoti/yoti-php-sdk.git",
                "reference": "45f0e18"
            },
            "dist": {
                "type": "zip",
                "url": "https://api.github.com/repos/getyoti/yoti-php-sdk/zipball/45f0e18",
                "reference": "45f0e18",
                "shasum": ""
            },
            "require": {
                "php": ">=5.6.0"
            },
            "require-dev": {
                "phpunit/phpunit": "5.7.*"
            },
            "type": "library",
            "autoload": {
                "psr-4": {
                    "attrpubapi_v1\\": "src/attrpubapi_v1",
                    "compubapi_v1\\": "src/compubapi_v1",
                    "Protobuf\\": "src/protobuf-php/protobuf/src",
                    "Yoti\\": "src/Yoti"
                }
            },
            "notification-url": "https://packagist.org/downloads/",
            "license": [
                "MIT"
            ],
            "authors": [
                {
                    "name": "Simon Tong",
                    "email": "simon.tong@yoti.com",
                    "role": "Developer"
                },
                {
                    "name": "Omari Rodney",
                    "email": "omari.rodney@yoti.com",
                    "role": "Maintainer"
                },
                {
                    "name": "Quirino Zagarese",
                    "email": "quirino.zagarese@yoti.com",
                    "role": "Maintainer"
                },
                {
                    "name": "Moussa Sidibe",
                    "email": "moussa.sidibe@yoti.com",
                    "role": "Developer"
                }
            ],
            "description": "Yoti SDK for quickly integrating your PHP backend with Yoti",
            "homepage": "https://yoti.com",
            "keywords": [
                "sdk",
                "yoti"
            ],
            "time": "2018-01-16 14:58:42"
        }
    ],
    "packages-dev": [],
    "aliases": [],
    "minimum-stability": "stable",
    "stability-flags": {
        "yoti/yoti-php-sdk": 20
    },
    "prefer-stable": false,
    "prefer-lowest": false,
    "platform": [],
    "platform-dev": []
}
