{
    "_readme": [
        "This file locks the dependencies of your project to a known state",
        "Read more about it at https://getcomposer.org/doc/01-basic-usage.md#installing-dependencies",
        "This file is @generated automatically"
    ],
    "content-hash": "6d3c6ad12dcf3985d92f08636162dbac",
    "packages": [
        {
            "name": "symfony/dotenv",
            "version": "v3.3.0",
            "source": {
                "type": "git",
                "url": "https://github.com/symfony/dotenv.git",
                "reference": "0f9d2e0545f79ac58e5ac473792a4e37d71cbd59"
            },
            "dist": {
                "type": "zip",
                "url": "https://api.github.com/repos/symfony/dotenv/zipball/0f9d2e0545f79ac58e5ac473792a4e37d71cbd59",
                "reference": "0f9d2e0545f79ac58e5ac473792a4e37d71cbd59",
                "shasum": ""
            },
            "require": {
                "php": ">=5.5.9"
            },
            "require-dev": {
                "symfony/process": "^3.2"
            },
            "type": "library",
            "extra": {
                "branch-alias": {
                    "dev-master": "3.3-dev"
                }
            },
            "autoload": {
                "psr-4": {
                    "Symfony\\Component\\Dotenv\\": ""
                },
                "exclude-from-classmap": [
                    "/Tests/"
                ]
            },
            "notification-url": "https://packagist.org/downloads/",
            "license": [
                "MIT"
            ],
            "authors": [
                {
                    "name": "Fabien Potencier",
                    "email": "fabien@symfony.com"
                },
                {
                    "name": "Symfony Community",
                    "homepage": "https://symfony.com/contributors"
                }
            ],
            "description": "Registers environment variables from a .env file",
            "homepage": "https://symfony.com",
            "keywords": [
                "dotenv",
                "env",
                "environment"
            ],
            "time": "2017-04-27T07:47:28+00:00"
        },
        {
            "name": "yoti/yoti-php-sdk",
            "version": "2.2.0",
            "source": {
                "type": "git",
                "url": "https://github.com/getyoti/yoti-php-sdk.git",
                "reference": "f3c770c1df2cbba3dc76a1f329938c379191ad7a"
            },
            "dist": {
                "type": "zip",
                "url": "https://api.github.com/repos/getyoti/yoti-php-sdk/zipball/f3c770c1df2cbba3dc76a1f329938c379191ad7a",
                "reference": "f3c770c1df2cbba3dc76a1f329938c379191ad7a",
                "shasum": ""
            },
            "require": {
                "php": ">=5.5.19"
            },
            "require-dev": {
                "php": ">=5.6.0",
                "phpunit/phpunit": "5.7.*",
                "squizlabs/php_codesniffer": "3.*"
            },
            "type": "library",
            "autoload": {
                "files": [
                    "src/phpseclib/bootstrap.php"
                ],
                "psr-4": {
                    "Attrpubapi\\": "src/Attrpubapi",
                    "Compubapi\\": "src/Compubapi",
                    "Google\\Protobuf\\": "src/protobuflib/Google/Protobuf",
                    "GPBMetadata\\": "src/protobuflib/GPBMetadata",
                    "phpseclib\\": "src/phpseclib/",
                    "Yoti\\": "src/Yoti",
                    "YotiSandbox\\": "sandbox/src"
                }
            },
            "notification-url": "https://packagist.org/downloads/",
            "license": [
                "MIT"
            ],
            "authors": [
                {
                    "name": "Simon Tong",
                    "email": "simon.tong@yoti.com",
                    "role": "Developer"
                },
                {
                    "name": "Omari Rodney",
                    "email": "omari.rodney@yoti.com",
                    "role": "Maintainer"
                },
                {
                    "name": "Quirino Zagarese",
                    "email": "quirino.zagarese@yoti.com",
                    "role": "Maintainer"
                },
                {
                    "name": "Moussa Sidibe",
                    "email": "moussa.sidibe@yoti.com",
                    "role": "Developer"
                }
            ],
            "description": "Yoti SDK for quickly integrating your PHP backend with Yoti",
            "homepage": "https://yoti.com",
            "keywords": [
                "sdk",
                "yoti"
            ],
            "time": "2019-04-24T16:02:26+00:00"
        }
    ],
    "packages-dev": [],
    "aliases": [],
    "minimum-stability": "stable",
    "stability-flags": [],
    "prefer-stable": false,
    "prefer-lowest": false,
    "platform": [],
    "platform-dev": []
}
